
Microsoft Visual Studio Solution File, Format Version 12.00
# Visual Studio 15
VisualStudioVersion = 15.0.28307.168
MinimumVisualStudioVersion = 10.0.40219.1
Project("{9A19103F-16F7-4668-BE54-9A1E7A4F7556}") = "Util.Sql", "src\Util.Sql\Util.Sql.csproj", "{FDC3A947-5C2D-4096-8337-DC6919758EA0}"
EndProject
Project("{9A19103F-16F7-4668-BE54-9A1E7A4F7556}") = "Util.Sql.Test", "test\Util.Sql.Test\Util.Sql.Test.csproj", "{7BEF6CCA-049D-4A56-A693-BF79F4D05B29}"
EndProject
Project("{9A19103F-16F7-4668-BE54-9A1E7A4F7556}") = "Util.Sql.Datas", "src\Util.Sql.Datas\Util.Sql.Datas.csproj", "{AE1597C7-E332-4A4B-B8A0-F79CD5910FBB}"
EndProject
Project("{9A19103F-16F7-4668-BE54-9A1E7A4F7556}") = "Util.Sql.Datas.Test", "test\Util.Sql.Datas.Test\Util.Sql.Datas.Test.csproj", "{DDAD75F3-D4D5-4AEE-8DD1-88901C3FD470}"
EndProject
Global
	GlobalSection(SolutionConfigurationPlatforms) = preSolution
		Debug|Any CPU = Debug|Any CPU
		Release|Any CPU = Release|Any CPU
	EndGlobalSection
	GlobalSection(ProjectConfigurationPlatforms) = postSolution
		{FDC3A947-5C2D-4096-8337-DC6919758EA0}.Debug|Any CPU.ActiveCfg = Debug|Any CPU
		{FDC3A947-5C2D-4096-8337-DC6919758EA0}.Debug|Any CPU.Build.0 = Debug|Any CPU
		{FDC3A947-5C2D-4096-8337-DC6919758EA0}.Release|Any CPU.ActiveCfg = Release|Any CPU
		{FDC3A947-5C2D-4096-8337-DC6919758EA0}.Release|Any CPU.Build.0 = Release|Any CPU
		{7BEF6CCA-049D-4A56-A693-BF79F4D05B29}.Debug|Any CPU.ActiveCfg = Debug|Any CPU
		{7BEF6CCA-049D-4A56-A693-BF79F4D05B29}.Debug|Any CPU.Build.0 = Debug|Any CPU
		{7BEF6CCA-049D-4A56-A693-BF79F4D05B29}.Release|Any CPU.ActiveCfg = Release|Any CPU
		{7BEF6CCA-049D-4A56-A693-BF79F4D05B29}.Release|Any CPU.Build.0 = Release|Any CPU
		{AE1597C7-E332-4A4B-B8A0-F79CD5910FBB}.Debug|Any CPU.ActiveCfg = Debug|Any CPU
		{AE1597C7-E332-4A4B-B8A0-F79CD5910FBB}.Debug|Any CPU.Build.0 = Debug|Any CPU
		{AE1597C7-E332-4A4B-B8A0-F79CD5910FBB}.Release|Any CPU.ActiveCfg = Release|Any CPU
		{AE1597C7-E332-4A4B-B8A0-F79CD5910FBB}.Release|Any CPU.Build.0 = Release|Any CPU
		{DDAD75F3-D4D5-4AEE-8DD1-88901C3FD470}.Debug|Any CPU.ActiveCfg = Debug|Any CPU
		{DDAD75F3-D4D5-4AEE-8DD1-88901C3FD470}.Debug|Any CPU.Build.0 = Debug|Any CPU
		{DDAD75F3-D4D5-4AEE-8DD1-88901C3FD470}.Release|Any CPU.ActiveCfg = Release|Any CPU
		{DDAD75F3-D4D5-4AEE-8DD1-88901C3FD470}.Release|Any CPU.Build.0 = Release|Any CPU
	EndGlobalSection
	GlobalSection(SolutionProperties) = preSolution
		HideSolutionNode = FALSE
	EndGlobalSection
	GlobalSection(ExtensibilityGlobals) = postSolution
		SolutionGuid = {DCA728F1-22C8-46A0-82EF-6470A9A629FA}
	EndGlobalSection
EndGlobal
